
Microsoft Visual Studio Solution File, Format Version 12.00
# Visual Studio 2013
VisualStudioVersion = 12.0.31101.0
MinimumVisualStudioVersion = 10.0.40219.1
Project("{FAE04EC0-301F-11D3-BF4B-00C04F79EFBC}") = "BuenaHealth.Web.API", "BuenaHealth.Web.API\BuenaHealth.Web.API.csproj", "{4CBFA017-DB75-47B8-A7C9-6FE1DB3C6C84}"
EndProject
Project("{2150E333-8FDC-42A3-9474-1A3956D46DE8}") = ".nuget", ".nuget", "{952F52D2-8B51-4E2E-B360-544A0FF3B7CB}"
	ProjectSection(SolutionItems) = preProject
		.nuget\packages.config = .nuget\packages.config
	EndProjectSection
EndProject
Project("{FAE04EC0-301F-11D3-BF4B-00C04F79EFBC}") = "BuenaHealth.Web.API.Tests", "BuenaHealth.Web.API.Tests\BuenaHealth.Web.API.Tests.csproj", "{D9CBE559-C45C-47F3-B9B1-92E8B20BC2AA}"
EndProject
Project("{FAE04EC0-301F-11D3-BF4B-00C04F79EFBC}") = "BuenaHealth.Core", "BuenaHealth.Core\BuenaHealth.Core.csproj", "{BA516234-80A0-4F10-AB5C-81A282261465}"
EndProject
Project("{FAE04EC0-301F-11D3-BF4B-00C04F79EFBC}") = "BuenaHealth.Infrastructure", "BuenaHealth.Infrastructure\BuenaHealth.Infrastructure.csproj", "{E0C078D7-4F1C-40C5-BFA7-EFBDF98A849C}"
EndProject
Global
	GlobalSection(SolutionConfigurationPlatforms) = preSolution
		Debug|Any CPU = Debug|Any CPU
		Release|Any CPU = Release|Any CPU
	EndGlobalSection
	GlobalSection(ProjectConfigurationPlatforms) = postSolution
		{4CBFA017-DB75-47B8-A7C9-6FE1DB3C6C84}.Debug|Any CPU.ActiveCfg = Debug|Any CPU
		{4CBFA017-DB75-47B8-A7C9-6FE1DB3C6C84}.Debug|Any CPU.Build.0 = Debug|Any CPU
		{4CBFA017-DB75-47B8-A7C9-6FE1DB3C6C84}.Release|Any CPU.ActiveCfg = Release|Any CPU
		{4CBFA017-DB75-47B8-A7C9-6FE1DB3C6C84}.Release|Any CPU.Build.0 = Release|Any CPU
		{D9CBE559-C45C-47F3-B9B1-92E8B20BC2AA}.Debug|Any CPU.ActiveCfg = Debug|Any CPU
		{D9CBE559-C45C-47F3-B9B1-92E8B20BC2AA}.Debug|Any CPU.Build.0 = Debug|Any CPU
		{D9CBE559-C45C-47F3-B9B1-92E8B20BC2AA}.Release|Any CPU.ActiveCfg = Release|Any CPU
		{D9CBE559-C45C-47F3-B9B1-92E8B20BC2AA}.Release|Any CPU.Build.0 = Release|Any CPU
		{BA516234-80A0-4F10-AB5C-81A282261465}.Debug|Any CPU.ActiveCfg = Debug|Any CPU
		{BA516234-80A0-4F10-AB5C-81A282261465}.Debug|Any CPU.Build.0 = Debug|Any CPU
		{BA516234-80A0-4F10-AB5C-81A282261465}.Release|Any CPU.ActiveCfg = Release|Any CPU
		{BA516234-80A0-4F10-AB5C-81A282261465}.Release|Any CPU.Build.0 = Release|Any CPU
		{E0C078D7-4F1C-40C5-BFA7-EFBDF98A849C}.Debug|Any CPU.ActiveCfg = Debug|Any CPU
		{E0C078D7-4F1C-40C5-BFA7-EFBDF98A849C}.Debug|Any CPU.Build.0 = Debug|Any CPU
		{E0C078D7-4F1C-40C5-BFA7-EFBDF98A849C}.Release|Any CPU.ActiveCfg = Release|Any CPU
		{E0C078D7-4F1C-40C5-BFA7-EFBDF98A849C}.Release|Any CPU.Build.0 = Release|Any CPU
	EndGlobalSection
	GlobalSection(SolutionProperties) = preSolution
		HideSolutionNode = FALSE
	EndGlobalSection
EndGlobal
