
Microsoft Visual Studio Solution File, Format Version 12.00
# Visual Studio 2013
VisualStudioVersion = 12.0.31101.0
MinimumVisualStudioVersion = 10.0.40219.1
Project("{FAE04EC0-301F-11D3-BF4B-00C04F79EFBC}") = "BuenaHealth.Web.API", "BuenaHealth.Web.API\BuenaHealth.Web.API.csproj", "{4CBFA017-DB75-47B8-A7C9-6FE1DB3C6C84}"
EndProject
Project("{2150E333-8FDC-42A3-9474-1A3956D46DE8}") = ".nuget", ".nuget", "{952F52D2-8B51-4E2E-B360-544A0FF3B7CB}"
	ProjectSection(SolutionItems) = preProject
		.nuget\packages.config = .nuget\packages.config
	EndProjectSection
EndProject
Project("{FAE04EC0-301F-11D3-BF4B-00C04F79EFBC}") = "BuenaHealth.Common", "BuenaHealth.Common\BuenaHealth.Common.csproj", "{0A3E2439-B4D5-4AEF-9346-159C814247E9}"
EndProject
Project("{FAE04EC0-301F-11D3-BF4B-00C04F79EFBC}") = "BuenaHealth.Data", "BuenaHealth.Data\BuenaHealth.Data.csproj", "{8CFC3BF7-AC8A-453D-987F-D0307433F756}"
EndProject
Project("{FAE04EC0-301F-11D3-BF4B-00C04F79EFBC}") = "BuenaHealth.Data.SqlServer", "BuenaHealth.Data.Sqlserver\BuenaHealth.Data.SqlServer.csproj", "{421836E3-A2FE-48BC-BCC6-429D4C381FDF}"
EndProject
Project("{FAE04EC0-301F-11D3-BF4B-00C04F79EFBC}") = "BuenaHealth.Web.API.Models", "BuenaHealth.Web.API.Models\BuenaHealth.Web.API.Models.csproj", "{38EF1E22-9457-4DC3-95C9-CF76B59FE9D8}"
EndProject
Project("{FAE04EC0-301F-11D3-BF4B-00C04F79EFBC}") = "BuenaHealth.Web.Common", "BuenaHealth.Web.Common\BuenaHealth.Web.Common.csproj", "{11527FF9-3FB6-4DA3-9DE0-DFC117730BDE}"
EndProject
Project("{00D1A9C2-B5F0-4AF3-8072-F6C62B433612}") = "BuenaHealth.Database", "BuenaHealth.Database\BuenaHealth.Database.sqlproj", "{DBCA087D-45A5-4751-8F88-F22EF708C8DB}"
EndProject
Project("{2150E333-8FDC-42A3-9474-1A3956D46DE8}") = "Tests", "Tests", "{1DB302E5-327F-403B-BC1C-7C68831375C6}"
EndProject
Project("{FAE04EC0-301F-11D3-BF4B-00C04F79EFBC}") = "BuenaHealth.Common.Tests", "BuenaHealth.Common.Tests\BuenaHealth.Common.Tests.csproj", "{8794A338-B294-4FF1-BF7A-70B04E23C098}"
EndProject
Project("{FAE04EC0-301F-11D3-BF4B-00C04F79EFBC}") = "BuenaHealth.Data.Tests", "BuenaHealth.Data.Tests\BuenaHealth.Data.Tests.csproj", "{4FA8FEA3-C719-452B-BAFB-EB3C99B729FA}"
EndProject
Project("{FAE04EC0-301F-11D3-BF4B-00C04F79EFBC}") = "BuenaHealth.Data.SqlServer.IntegrationTests", "BuenaHealth.Data.SqlServer.IntegrationTests\BuenaHealth.Data.SqlServer.IntegrationTests.csproj", "{C0EFE754-85A2-4DDC-9FB3-D4430B3A7B32}"
EndProject
Project("{FAE04EC0-301F-11D3-BF4B-00C04F79EFBC}") = "BuenaHealth.Web.Common.Tests", "BuenaHealth.Web.Common.Tests\BuenaHealth.Web.Common.Tests.csproj", "{C43C7528-EEF0-47AE-8D06-353DAFC8675A}"
EndProject
Project("{FAE04EC0-301F-11D3-BF4B-00C04F79EFBC}") = "BuenaHealth.Web.API.Tests", "BuenaHealth.Web.API.Tests\BuenaHealth.Web.API.Tests.csproj", "{78E107CA-310B-456A-959C-6ADC0A5DED5D}"
EndProject
Project("{FAE04EC0-301F-11D3-BF4B-00C04F79EFBC}") = "BuenaHealth.Web.API.IntegrationTests", "BuenaHealth.Web.API.IntegrationTests\BuenaHealth.Web.API.IntegrationTests.csproj", "{6C855A80-5C51-4AB1-ABE6-AC2F4A72B2E2}"
EndProject
Global
	GlobalSection(SolutionConfigurationPlatforms) = preSolution
		Debug|Any CPU = Debug|Any CPU
		Release|Any CPU = Release|Any CPU
	EndGlobalSection
	GlobalSection(ProjectConfigurationPlatforms) = postSolution
		{4CBFA017-DB75-47B8-A7C9-6FE1DB3C6C84}.Debug|Any CPU.ActiveCfg = Debug|Any CPU
		{4CBFA017-DB75-47B8-A7C9-6FE1DB3C6C84}.Debug|Any CPU.Build.0 = Debug|Any CPU
		{4CBFA017-DB75-47B8-A7C9-6FE1DB3C6C84}.Release|Any CPU.ActiveCfg = Release|Any CPU
		{4CBFA017-DB75-47B8-A7C9-6FE1DB3C6C84}.Release|Any CPU.Build.0 = Release|Any CPU
		{0A3E2439-B4D5-4AEF-9346-159C814247E9}.Debug|Any CPU.ActiveCfg = Debug|Any CPU
		{0A3E2439-B4D5-4AEF-9346-159C814247E9}.Debug|Any CPU.Build.0 = Debug|Any CPU
		{0A3E2439-B4D5-4AEF-9346-159C814247E9}.Release|Any CPU.ActiveCfg = Release|Any CPU
		{0A3E2439-B4D5-4AEF-9346-159C814247E9}.Release|Any CPU.Build.0 = Release|Any CPU
		{8CFC3BF7-AC8A-453D-987F-D0307433F756}.Debug|Any CPU.ActiveCfg = Debug|Any CPU
		{8CFC3BF7-AC8A-453D-987F-D0307433F756}.Debug|Any CPU.Build.0 = Debug|Any CPU
		{8CFC3BF7-AC8A-453D-987F-D0307433F756}.Release|Any CPU.ActiveCfg = Release|Any CPU
		{8CFC3BF7-AC8A-453D-987F-D0307433F756}.Release|Any CPU.Build.0 = Release|Any CPU
		{421836E3-A2FE-48BC-BCC6-429D4C381FDF}.Debug|Any CPU.ActiveCfg = Debug|Any CPU
		{421836E3-A2FE-48BC-BCC6-429D4C381FDF}.Debug|Any CPU.Build.0 = Debug|Any CPU
		{421836E3-A2FE-48BC-BCC6-429D4C381FDF}.Release|Any CPU.ActiveCfg = Release|Any CPU
		{421836E3-A2FE-48BC-BCC6-429D4C381FDF}.Release|Any CPU.Build.0 = Release|Any CPU
		{38EF1E22-9457-4DC3-95C9-CF76B59FE9D8}.Debug|Any CPU.ActiveCfg = Debug|Any CPU
		{38EF1E22-9457-4DC3-95C9-CF76B59FE9D8}.Debug|Any CPU.Build.0 = Debug|Any CPU
		{38EF1E22-9457-4DC3-95C9-CF76B59FE9D8}.Release|Any CPU.ActiveCfg = Release|Any CPU
		{38EF1E22-9457-4DC3-95C9-CF76B59FE9D8}.Release|Any CPU.Build.0 = Release|Any CPU
		{11527FF9-3FB6-4DA3-9DE0-DFC117730BDE}.Debug|Any CPU.ActiveCfg = Debug|Any CPU
		{11527FF9-3FB6-4DA3-9DE0-DFC117730BDE}.Debug|Any CPU.Build.0 = Debug|Any CPU
		{11527FF9-3FB6-4DA3-9DE0-DFC117730BDE}.Release|Any CPU.ActiveCfg = Release|Any CPU
		{11527FF9-3FB6-4DA3-9DE0-DFC117730BDE}.Release|Any CPU.Build.0 = Release|Any CPU
		{DBCA087D-45A5-4751-8F88-F22EF708C8DB}.Debug|Any CPU.ActiveCfg = Debug|Any CPU
		{DBCA087D-45A5-4751-8F88-F22EF708C8DB}.Debug|Any CPU.Build.0 = Debug|Any CPU
		{DBCA087D-45A5-4751-8F88-F22EF708C8DB}.Debug|Any CPU.Deploy.0 = Debug|Any CPU
		{DBCA087D-45A5-4751-8F88-F22EF708C8DB}.Release|Any CPU.ActiveCfg = Release|Any CPU
		{DBCA087D-45A5-4751-8F88-F22EF708C8DB}.Release|Any CPU.Build.0 = Release|Any CPU
		{DBCA087D-45A5-4751-8F88-F22EF708C8DB}.Release|Any CPU.Deploy.0 = Release|Any CPU
		{8794A338-B294-4FF1-BF7A-70B04E23C098}.Debug|Any CPU.ActiveCfg = Debug|Any CPU
		{8794A338-B294-4FF1-BF7A-70B04E23C098}.Debug|Any CPU.Build.0 = Debug|Any CPU
		{8794A338-B294-4FF1-BF7A-70B04E23C098}.Release|Any CPU.ActiveCfg = Release|Any CPU
		{8794A338-B294-4FF1-BF7A-70B04E23C098}.Release|Any CPU.Build.0 = Release|Any CPU
		{4FA8FEA3-C719-452B-BAFB-EB3C99B729FA}.Debug|Any CPU.ActiveCfg = Debug|Any CPU
		{4FA8FEA3-C719-452B-BAFB-EB3C99B729FA}.Debug|Any CPU.Build.0 = Debug|Any CPU
		{4FA8FEA3-C719-452B-BAFB-EB3C99B729FA}.Release|Any CPU.ActiveCfg = Release|Any CPU
		{4FA8FEA3-C719-452B-BAFB-EB3C99B729FA}.Release|Any CPU.Build.0 = Release|Any CPU
		{C0EFE754-85A2-4DDC-9FB3-D4430B3A7B32}.Debug|Any CPU.ActiveCfg = Debug|Any CPU
		{C0EFE754-85A2-4DDC-9FB3-D4430B3A7B32}.Debug|Any CPU.Build.0 = Debug|Any CPU
		{C0EFE754-85A2-4DDC-9FB3-D4430B3A7B32}.Release|Any CPU.ActiveCfg = Release|Any CPU
		{C0EFE754-85A2-4DDC-9FB3-D4430B3A7B32}.Release|Any CPU.Build.0 = Release|Any CPU
		{C43C7528-EEF0-47AE-8D06-353DAFC8675A}.Debug|Any CPU.ActiveCfg = Debug|Any CPU
		{C43C7528-EEF0-47AE-8D06-353DAFC8675A}.Debug|Any CPU.Build.0 = Debug|Any CPU
		{C43C7528-EEF0-47AE-8D06-353DAFC8675A}.Release|Any CPU.ActiveCfg = Release|Any CPU
		{C43C7528-EEF0-47AE-8D06-353DAFC8675A}.Release|Any CPU.Build.0 = Release|Any CPU
		{78E107CA-310B-456A-959C-6ADC0A5DED5D}.Debug|Any CPU.ActiveCfg = Debug|Any CPU
		{78E107CA-310B-456A-959C-6ADC0A5DED5D}.Debug|Any CPU.Build.0 = Debug|Any CPU
		{78E107CA-310B-456A-959C-6ADC0A5DED5D}.Release|Any CPU.ActiveCfg = Release|Any CPU
		{78E107CA-310B-456A-959C-6ADC0A5DED5D}.Release|Any CPU.Build.0 = Release|Any CPU
		{6C855A80-5C51-4AB1-ABE6-AC2F4A72B2E2}.Debug|Any CPU.ActiveCfg = Debug|Any CPU
		{6C855A80-5C51-4AB1-ABE6-AC2F4A72B2E2}.Debug|Any CPU.Build.0 = Debug|Any CPU
		{6C855A80-5C51-4AB1-ABE6-AC2F4A72B2E2}.Release|Any CPU.ActiveCfg = Release|Any CPU
		{6C855A80-5C51-4AB1-ABE6-AC2F4A72B2E2}.Release|Any CPU.Build.0 = Release|Any CPU
	EndGlobalSection
	GlobalSection(SolutionProperties) = preSolution
		HideSolutionNode = FALSE
	EndGlobalSection
	GlobalSection(NestedProjects) = preSolution
		{8794A338-B294-4FF1-BF7A-70B04E23C098} = {1DB302E5-327F-403B-BC1C-7C68831375C6}
		{4FA8FEA3-C719-452B-BAFB-EB3C99B729FA} = {1DB302E5-327F-403B-BC1C-7C68831375C6}
		{C0EFE754-85A2-4DDC-9FB3-D4430B3A7B32} = {1DB302E5-327F-403B-BC1C-7C68831375C6}
		{C43C7528-EEF0-47AE-8D06-353DAFC8675A} = {1DB302E5-327F-403B-BC1C-7C68831375C6}
		{78E107CA-310B-456A-959C-6ADC0A5DED5D} = {1DB302E5-327F-403B-BC1C-7C68831375C6}
		{6C855A80-5C51-4AB1-ABE6-AC2F4A72B2E2} = {1DB302E5-327F-403B-BC1C-7C68831375C6}
	EndGlobalSection
EndGlobal
